
Microsoft Visual Studio Solution File, Format Version 12.00
# Visual Studio Version 17
VisualStudioVersion = 17.5.33502.453
MinimumVisualStudioVersion = 10.0.40219.1
Project("{9A19103F-16F7-4668-BE54-9A1E7A4F7556}") = "Dnmh.Security.ApiKeyAuthentication", "src\Dnmh.Security.ApiKeyAuthentication.csproj", "{D351F140-C932-4E94-93BA-223EDD531E30}"
EndProject
Project("{9A19103F-16F7-4668-BE54-9A1E7A4F7556}") = "Dnmh.Security.ApiKeyAuthentication.Test", "test\Dnmh.Security.ApiKeyAuthentication.Test.csproj", "{DFEF603C-60C8-41B7-A3D5-0B470800A4C5}"
EndProject
Project("{9A19103F-16F7-4668-BE54-9A1E7A4F7556}") = "Dnmh.Security.ApiKeyAuthentication.Sample", "sample\Dnmh.Security.ApiKeyAuthentication.Sample.csproj", "{4D31192C-0339-43C1-B174-DC9B1E4535A0}"
EndProject
Project("{2150E333-8FDC-42A3-9474-1A3956D46DE8}") = "src", "src", "{F7255BAF-8084-453D-8BAF-950A2081361C}"
EndProject
Project("{2150E333-8FDC-42A3-9474-1A3956D46DE8}") = "test", "test", "{1536AED4-4E33-4971-AB58-644266AC1CB3}"
EndProject
Project("{2150E333-8FDC-42A3-9474-1A3956D46DE8}") = "sample", "sample", "{81B9DF25-F242-43BE-90AF-FFF1C770E353}"
EndProject
Global
	GlobalSection(SolutionConfigurationPlatforms) = preSolution
		Debug|Any CPU = Debug|Any CPU
		Release|Any CPU = Release|Any CPU
	EndGlobalSection
	GlobalSection(ProjectConfigurationPlatforms) = postSolution
		{D351F140-C932-4E94-93BA-223EDD531E30}.Debug|Any CPU.ActiveCfg = Debug|Any CPU
		{D351F140-C932-4E94-93BA-223EDD531E30}.Debug|Any CPU.Build.0 = Debug|Any CPU
		{D351F140-C932-4E94-93BA-223EDD531E30}.Release|Any CPU.ActiveCfg = Release|Any CPU
		{D351F140-C932-4E94-93BA-223EDD531E30}.Release|Any CPU.Build.0 = Release|Any CPU
		{DFEF603C-60C8-41B7-A3D5-0B470800A4C5}.Debug|Any CPU.ActiveCfg = Debug|Any CPU
		{DFEF603C-60C8-41B7-A3D5-0B470800A4C5}.Debug|Any CPU.Build.0 = Debug|Any CPU
		{DFEF603C-60C8-41B7-A3D5-0B470800A4C5}.Release|Any CPU.ActiveCfg = Release|Any CPU
		{DFEF603C-60C8-41B7-A3D5-0B470800A4C5}.Release|Any CPU.Build.0 = Release|Any CPU
		{4D31192C-0339-43C1-B174-DC9B1E4535A0}.Debug|Any CPU.ActiveCfg = Debug|Any CPU
		{4D31192C-0339-43C1-B174-DC9B1E4535A0}.Debug|Any CPU.Build.0 = Debug|Any CPU
		{4D31192C-0339-43C1-B174-DC9B1E4535A0}.Release|Any CPU.ActiveCfg = Release|Any CPU
		{4D31192C-0339-43C1-B174-DC9B1E4535A0}.Release|Any CPU.Build.0 = Release|Any CPU
	EndGlobalSection
	GlobalSection(SolutionProperties) = preSolution
		HideSolutionNode = FALSE
	EndGlobalSection
	GlobalSection(NestedProjects) = preSolution
		{D351F140-C932-4E94-93BA-223EDD531E30} = {F7255BAF-8084-453D-8BAF-950A2081361C}
		{DFEF603C-60C8-41B7-A3D5-0B470800A4C5} = {1536AED4-4E33-4971-AB58-644266AC1CB3}
		{4D31192C-0339-43C1-B174-DC9B1E4535A0} = {81B9DF25-F242-43BE-90AF-FFF1C770E353}
	EndGlobalSection
	GlobalSection(ExtensibilityGlobals) = postSolution
		SolutionGuid = {52B2D6E8-9F84-4B81-8B6E-88D1668B3BDB}
	EndGlobalSection
EndGlobal
